
Microsoft Visual Studio Solution File, Format Version 12.00
# Visual Studio Version 17
VisualStudioVersion = 17.9.34701.34
MinimumVisualStudioVersion = 10.0.40219.1
Project("{FAE04EC0-301F-11D3-BF4B-00C04F79EFBC}") = "SignlRChatApp", "SignlRChatApp\SignlRChatApp.csproj", "{2591FAB3-975F-441C-8E07-BE7DF3ACA7E2}"
EndProject
Global
	GlobalSection(SolutionConfigurationPlatforms) = preSolution
		Debug|Any CPU = Debug|Any CPU
		Release|Any CPU = Release|Any CPU
	EndGlobalSection
	GlobalSection(ProjectConfigurationPlatforms) = postSolution
		{2591FAB3-975F-441C-8E07-BE7DF3ACA7E2}.Debug|Any CPU.ActiveCfg = Debug|Any CPU
		{2591FAB3-975F-441C-8E07-BE7DF3ACA7E2}.Debug|Any CPU.Build.0 = Debug|Any CPU
		{2591FAB3-975F-441C-8E07-BE7DF3ACA7E2}.Release|Any CPU.ActiveCfg = Release|Any CPU
		{2591FAB3-975F-441C-8E07-BE7DF3ACA7E2}.Release|Any CPU.Build.0 = Release|Any CPU
	EndGlobalSection
	GlobalSection(SolutionProperties) = preSolution
		HideSolutionNode = FALSE
	EndGlobalSection
	GlobalSection(ExtensibilityGlobals) = postSolution
		SolutionGuid = {7FF5D7C3-8183-47B1-BFB7-C628613342FB}
	EndGlobalSection
EndGlobal
